
Microsoft Visual Studio Solution File, Format Version 12.00
# Visual Studio Version 16
VisualStudioVersion = 16.0.29424.173
MinimumVisualStudioVersion = 10.0.40219.1
Project("{FAE04EC0-301F-11D3-BF4B-00C04F79EFBC}") = "ArraySortMethods", "ArraySortMethods.csproj", "{ABE97611-2B48-4BDD-8E46-78D431E7326C}"
EndProject
Global
	GlobalSection(SolutionConfigurationPlatforms) = preSolution
		Debug|Any CPU = Debug|Any CPU
		Release|Any CPU = Release|Any CPU
	EndGlobalSection
	GlobalSection(ProjectConfigurationPlatforms) = postSolution
		{ABE97611-2B48-4BDD-8E46-78D431E7326C}.Debug|Any CPU.ActiveCfg = Debug|Any CPU
		{ABE97611-2B48-4BDD-8E46-78D431E7326C}.Debug|Any CPU.Build.0 = Debug|Any CPU
		{ABE97611-2B48-4BDD-8E46-78D431E7326C}.Release|Any CPU.ActiveCfg = Release|Any CPU
		{ABE97611-2B48-4BDD-8E46-78D431E7326C}.Release|Any CPU.Build.0 = Release|Any CPU
	EndGlobalSection
	GlobalSection(SolutionProperties) = preSolution
		HideSolutionNode = FALSE
	EndGlobalSection
	GlobalSection(ExtensibilityGlobals) = postSolution
		SolutionGuid = {4F67A957-F2C7-453B-8265-35C556C0854D}
	EndGlobalSection
EndGlobal
