
Microsoft Visual Studio Solution File, Format Version 12.00
# Visual Studio Version 16
VisualStudioVersion = 16.0.29424.173
MinimumVisualStudioVersion = 10.0.40219.1
Project("{FAE04EC0-301F-11D3-BF4B-00C04F79EFBC}") = "helloWorld", "helloWorld\helloWorld.csproj", "{E1CD854A-D85C-4D76-8D13-6950009890FE}"
EndProject
Global
	GlobalSection(SolutionConfigurationPlatforms) = preSolution
		Debug|Any CPU = Debug|Any CPU
		Release|Any CPU = Release|Any CPU
	EndGlobalSection
	GlobalSection(ProjectConfigurationPlatforms) = postSolution
		{E1CD854A-D85C-4D76-8D13-6950009890FE}.Debug|Any CPU.ActiveCfg = Debug|Any CPU
		{E1CD854A-D85C-4D76-8D13-6950009890FE}.Debug|Any CPU.Build.0 = Debug|Any CPU
		{E1CD854A-D85C-4D76-8D13-6950009890FE}.Release|Any CPU.ActiveCfg = Release|Any CPU
		{E1CD854A-D85C-4D76-8D13-6950009890FE}.Release|Any CPU.Build.0 = Release|Any CPU
	EndGlobalSection
	GlobalSection(SolutionProperties) = preSolution
		HideSolutionNode = FALSE
	EndGlobalSection
	GlobalSection(ExtensibilityGlobals) = postSolution
		SolutionGuid = {5A83C453-93DE-4C92-B1B3-21D2C43DF55C}
	EndGlobalSection
EndGlobal
